// !$*UTF8*$!
{
	archiveVersion = 1;
	classes = {
	};
	objectVersion = 70;
	objects = {

/* Begin PBXBuildFile section */
		A93A953B29CC810C00F8E227 /* iosApp.swift in Sources */ = {isa = PBXBuildFile; fileRef = A93A953A29CC810C00F8E227 /* iosApp.swift */; };
		A93A953F29CC810D00F8E227 /* Assets.xcassets in Resources */ = {isa = PBXBuildFile; fileRef = A93A953E29CC810D00F8E227 /* Assets.xcassets */; };
		A93A954229CC810D00F8E227 /* Preview Assets.xcassets in Resources */ = {isa = PBXBuildFile; fileRef = A93A954129CC810D00F8E227 /* Preview Assets.xcassets */; };
		F73E86D22DDF756500E89B14 /* FirebaseCore in Frameworks */ = {isa = PBXBuildFile; productRef = F73E86D12DDF756500E89B14 /* FirebaseCore */; };
		F73E86D42DDF756500E89B14 /* FirebaseCrashlytics in Frameworks */ = {isa = PBXBuildFile; productRef = F73E86D32DDF756500E89B14 /* FirebaseCrashlytics */; };
		F73E86D62DDF756500E89B14 /* FirebaseRemoteConfig in Frameworks */ = {isa = PBXBuildFile; productRef = F73E86D52DDF756500E89B14 /* FirebaseRemoteConfig */; };
		F73E86DA2DDF7C1200E89B14 /* GoogleService-Info.plist in Resources */ = {isa = PBXBuildFile; fileRef = F73E86D92DDF7C1200E89B14 /* GoogleService-Info.plist */; };
		F73E86DC2DDF80C200E89B14 /* FirebaseAnalytics in Frameworks */ = {isa = PBXBuildFile; productRef = F73E86DB2DDF80C200E89B14 /* FirebaseAnalytics */; };
		F7B5B0472F6F14D5001FDA1C /* WidgetKit.framework in Frameworks */ = {isa = PBXBuildFile; fileRef = F7B5B0462F6F14D5001FDA1C /* WidgetKit.framework */; };
		F7B5B0492F6F14D5001FDA1C /* SwiftUI.framework in Frameworks */ = {isa = PBXBuildFile; fileRef = F7B5B0482F6F14D5001FDA1C /* SwiftUI.framework */; };
		F7B5B05A2F6F14D6001FDA1C /* SIGOWidgetExtension.appex in Embed Foundation Extensions */ = {isa = PBXBuildFile; fileRef = F7B5B0452F6F14D5001FDA1C /* SIGOWidgetExtension.appex */; settings = {ATTRIBUTES = (RemoveHeadersOnCopy, ); }; };
		F7C100032F6F14D5001FDA1C /* FirebaseCore in Frameworks */ = {isa = PBXBuildFile; productRef = F7C100022F6F14D5001FDA1C /* FirebaseCore */; };
		F7C100052F6F14D5001FDA1C /* FirebaseCrashlytics in Frameworks */ = {isa = PBXBuildFile; productRef = F7C100042F6F14D5001FDA1C /* FirebaseCrashlytics */; };
		F7C100072F6F14D5001FDA1C /* FirebaseRemoteConfig in Frameworks */ = {isa = PBXBuildFile; productRef = F7C100062F6F14D5001FDA1C /* FirebaseRemoteConfig */; };
		F7C100092F6F14D5001FDA1C /* FirebaseAnalytics in Frameworks */ = {isa = PBXBuildFile; productRef = F7C100082F6F14D5001FDA1C /* FirebaseAnalytics */; };
		F7C1000A2F6F14D5001FDA1C /* GoogleService-Info.plist in Resources */ = {isa = PBXBuildFile; fileRef = F73E86D92DDF7C1200E89B14 /* GoogleService-Info.plist */; };
		F7E230562F64AD4400D9EBFD /* FirebaseAnalytics in Frameworks */ = {isa = PBXBuildFile; productRef = F7E230552F64AD4400D9EBFD /* FirebaseAnalytics */; };
		F7E230582F64AD4400D9EBFD /* FirebaseCore in Frameworks */ = {isa = PBXBuildFile; productRef = F7E230572F64AD4400D9EBFD /* FirebaseCore */; };
		F7E2305A2F64AD4400D9EBFD /* FirebaseCrashlytics in Frameworks */ = {isa = PBXBuildFile; productRef = F7E230592F64AD4400D9EBFD /* FirebaseCrashlytics */; };
		F7E2305C2F64AD4400D9EBFD /* FirebaseRemoteConfig in Frameworks */ = {isa = PBXBuildFile; productRef = F7E2305B2F64AD4400D9EBFD /* FirebaseRemoteConfig */; };
/* End PBXBuildFile section */

/* Begin PBXAggregateTarget section */
		F7C200002F6F14D5001FDA1C /* KotlinFramework */ = {
			isa = PBXAggregateTarget;
			buildConfigurationList = F7C200022F6F14D5001FDA1C /* Build configuration list for PBXAggregateTarget "KotlinFramework" */;
			buildPhases = (
				F7C200012F6F14D5001FDA1C /* ShellScript */,
			);
			dependencies = (
			);
			name = KotlinFramework;
			productName = KotlinFramework;
		};
/* End PBXAggregateTarget section */

/* Begin PBXContainerItemProxy section */
		F7B5B0582F6F14D6001FDA1C /* PBXContainerItemProxy */ = {
			isa = PBXContainerItemProxy;
			containerPortal = A93A952F29CC810C00F8E227 /* Project object */;
			proxyType = 1;
			remoteGlobalIDString = F7B5B0442F6F14D5001FDA1C;
			remoteInfo = SIGOWidgetExtension;
		};
		F7C200052F6F14D5001FDA1C /* PBXContainerItemProxy */ = {
			isa = PBXContainerItemProxy;
			containerPortal = A93A952F29CC810C00F8E227 /* Project object */;
			proxyType = 1;
			remoteGlobalIDString = F7C200002F6F14D5001FDA1C;
			remoteInfo = KotlinFramework;
		};
		F7C200072F6F14D5001FDA1C /* PBXContainerItemProxy */ = {
			isa = PBXContainerItemProxy;
			containerPortal = A93A952F29CC810C00F8E227 /* Project object */;
			proxyType = 1;
			remoteGlobalIDString = F7C200002F6F14D5001FDA1C;
			remoteInfo = KotlinFramework;
		};
/* End PBXContainerItemProxy section */

/* Begin PBXCopyFilesBuildPhase section */
		F7B5B05B2F6F14D6001FDA1C /* Embed Foundation Extensions */ = {
			isa = PBXCopyFilesBuildPhase;
			buildActionMask = 2147483647;
			dstPath = "";
			dstSubfolderSpec = 13;
			files = (
				F7B5B05A2F6F14D6001FDA1C /* SIGOWidgetExtension.appex in Embed Foundation Extensions */,
			);
			name = "Embed Foundation Extensions";
			runOnlyForDeploymentPostprocessing = 0;
		};
/* End PBXCopyFilesBuildPhase section */

/* Begin PBXFileReference section */
		A93A953729CC810C00F8E227 /* SIGOT.app */ = {isa = PBXFileReference; explicitFileType = wrapper.application; includeInIndex = 0; path = SIGOT.app; sourceTree = BUILT_PRODUCTS_DIR; };
		A93A953A29CC810C00F8E227 /* iosApp.swift */ = {isa = PBXFileReference; lastKnownFileType = sourcecode.swift; path = iosApp.swift; sourceTree = "<group>"; };
		A93A953E29CC810D00F8E227 /* Assets.xcassets */ = {isa = PBXFileReference; lastKnownFileType = folder.assetcatalog; path = Assets.xcassets; sourceTree = "<group>"; };
		A93A954129CC810D00F8E227 /* Preview Assets.xcassets */ = {isa = PBXFileReference; lastKnownFileType = folder.assetcatalog; path = "Preview Assets.xcassets"; sourceTree = "<group>"; };
		F73E86D92DDF7C1200E89B14 /* GoogleService-Info.plist */ = {isa = PBXFileReference; lastKnownFileType = text.plist.xml; name = "GoogleService-Info.plist"; path = "iosApp/GoogleService-Info.plist"; sourceTree = "<group>"; };
		F7B5B0452F6F14D5001FDA1C /* SIGOWidgetExtension.appex */ = {isa = PBXFileReference; explicitFileType = "wrapper.app-extension"; includeInIndex = 0; path = SIGOWidgetExtension.appex; sourceTree = BUILT_PRODUCTS_DIR; };
		F7B5B0462F6F14D5001FDA1C /* WidgetKit.framework */ = {isa = PBXFileReference; lastKnownFileType = wrapper.framework; name = WidgetKit.framework; path = System/Library/Frameworks/WidgetKit.framework; sourceTree = SDKROOT; };
		F7B5B0482F6F14D5001FDA1C /* SwiftUI.framework */ = {isa = PBXFileReference; lastKnownFileType = wrapper.framework; name = SwiftUI.framework; path = System/Library/Frameworks/SwiftUI.framework; sourceTree = SDKROOT; };
		F7B5B06C2F6F17DD001FDA1C /* iosApp.entitlements */ = {isa = PBXFileReference; lastKnownFileType = text.plist.entitlements; path = iosApp.entitlements; sourceTree = "<group>"; };
		F7B5B06D2F6F1811001FDA1C /* SIGOWidgetExtension.entitlements */ = {isa = PBXFileReference; lastKnownFileType = text.plist.entitlements; path = SIGOWidgetExtension.entitlements; sourceTree = "<group>"; };
/* End PBXFileReference section */

/* Begin PBXFileSystemSynchronizedBuildFileExceptionSet section */
		F7B5B05E2F6F14D6001FDA1C /* PBXFileSystemSynchronizedBuildFileExceptionSet */ = {
			isa = PBXFileSystemSynchronizedBuildFileExceptionSet;
			membershipExceptions = (
				Info.plist,
			);
			target = F7B5B0442F6F14D5001FDA1C /* SIGOWidgetExtension */;
		};
/* End PBXFileSystemSynchronizedBuildFileExceptionSet section */

/* Begin PBXFileSystemSynchronizedRootGroup section */
		F7B5B04A2F6F14D5001FDA1C /* SIGOWidget */ = {isa = PBXFileSystemSynchronizedRootGroup; exceptions = (F7B5B05E2F6F14D6001FDA1C /* PBXFileSystemSynchronizedBuildFileExceptionSet */, ); explicitFileTypes = {}; explicitFolders = (); path = SIGOWidget; sourceTree = "<group>"; };
/* End PBXFileSystemSynchronizedRootGroup section */

/* Begin PBXFrameworksBuildPhase section */
		A93A953429CC810C00F8E227 /* Frameworks */ = {
			isa = PBXFrameworksBuildPhase;
			buildActionMask = 2147483647;
			files = (
				F73E86D62DDF756500E89B14 /* FirebaseRemoteConfig in Frameworks */,
				F73E86D22DDF756500E89B14 /* FirebaseCore in Frameworks */,
				F73E86DC2DDF80C200E89B14 /* FirebaseAnalytics in Frameworks */,
				F7E2305A2F64AD4400D9EBFD /* FirebaseCrashlytics in Frameworks */,
				F7E230562F64AD4400D9EBFD /* FirebaseAnalytics in Frameworks */,
				F7E230582F64AD4400D9EBFD /* FirebaseCore in Frameworks */,
				F73E86D42DDF756500E89B14 /* FirebaseCrashlytics in Frameworks */,
				F7E2305C2F64AD4400D9EBFD /* FirebaseRemoteConfig in Frameworks */,
			);
			runOnlyForDeploymentPostprocessing = 0;
		};
		F7B5B0422F6F14D5001FDA1C /* Frameworks */ = {
			isa = PBXFrameworksBuildPhase;
			buildActionMask = 2147483647;
			files = (
				F7B5B0492F6F14D5001FDA1C /* SwiftUI.framework in Frameworks */,
				F7B5B0472F6F14D5001FDA1C /* WidgetKit.framework in Frameworks */,
				F7C100032F6F14D5001FDA1C /* FirebaseCore in Frameworks */,
				F7C100052F6F14D5001FDA1C /* FirebaseCrashlytics in Frameworks */,
				F7C100072F6F14D5001FDA1C /* FirebaseRemoteConfig in Frameworks */,
				F7C100092F6F14D5001FDA1C /* FirebaseAnalytics in Frameworks */,
			);
			runOnlyForDeploymentPostprocessing = 0;
		};
/* End PBXFrameworksBuildPhase section */

/* Begin PBXGroup section */
		A93A952E29CC810C00F8E227 = {
			isa = PBXGroup;
			children = (
				F7B5B06D2F6F1811001FDA1C /* SIGOWidgetExtension.entitlements */,
				F73E86D92DDF7C1200E89B14 /* GoogleService-Info.plist */,
				A93A953929CC810C00F8E227 /* iosApp */,
				F7B5B04A2F6F14D5001FDA1C /* SIGOWidget */,
				A93A953829CC810C00F8E227 /* Products */,
				C4127409AE3703430489E7BC /* Frameworks */,
			);
			sourceTree = "<group>";
		};
		A93A953829CC810C00F8E227 /* Products */ = {
			isa = PBXGroup;
			children = (
				A93A953729CC810C00F8E227 /* SIGOT.app */,
				F7B5B0452F6F14D5001FDA1C /* SIGOWidgetExtension.appex */,
			);
			name = Products;
			sourceTree = "<group>";
		};
		A93A953929CC810C00F8E227 /* iosApp */ = {
			isa = PBXGroup;
			children = (
				F7B5B06C2F6F17DD001FDA1C /* iosApp.entitlements */,
				A93A953A29CC810C00F8E227 /* iosApp.swift */,
				A93A953E29CC810D00F8E227 /* Assets.xcassets */,
				A93A954029CC810D00F8E227 /* Preview Content */,
			);
			path = iosApp;
			sourceTree = "<group>";
		};
		A93A954029CC810D00F8E227 /* Preview Content */ = {
			isa = PBXGroup;
			children = (
				A93A954129CC810D00F8E227 /* Preview Assets.xcassets */,
			);
			path = "Preview Content";
			sourceTree = "<group>";
		};
		C4127409AE3703430489E7BC /* Frameworks */ = {
			isa = PBXGroup;
			children = (
				F7B5B0462F6F14D5001FDA1C /* WidgetKit.framework */,
				F7B5B0482F6F14D5001FDA1C /* SwiftUI.framework */,
			);
			name = Frameworks;
			sourceTree = "<group>";
		};
/* End PBXGroup section */

/* Begin PBXNativeTarget section */
		A93A953629CC810C00F8E227 /* iosApp */ = {
			isa = PBXNativeTarget;
			buildConfigurationList = A93A954529CC810D00F8E227 /* Build configuration list for PBXNativeTarget "iosApp" */;
			buildPhases = (
				A93A953329CC810C00F8E227 /* Sources */,
				A93A953429CC810C00F8E227 /* Frameworks */,
				A93A953529CC810C00F8E227 /* Resources */,
				F7B5B05B2F6F14D6001FDA1C /* Embed Foundation Extensions */,
				F7E2305D2F64AF1E00D9EBFD /* ShellScript */,
			);
			buildRules = (
			);
			dependencies = (
				F7B5B0592F6F14D6001FDA1C /* PBXTargetDependency */,
				F7C200062F6F14D5001FDA1C /* PBXTargetDependency */,
			);
			name = iosApp;
			productName = iosApp;
			productReference = A93A953729CC810C00F8E227 /* SIGOT.app */;
			productType = "com.apple.product-type.application";
		};
		F7B5B0442F6F14D5001FDA1C /* SIGOWidgetExtension */ = {
			isa = PBXNativeTarget;
			buildConfigurationList = F7B5B05F2F6F14D6001FDA1C /* Build configuration list for PBXNativeTarget "SIGOWidgetExtension" */;
			buildPhases = (
				F7B5B0412F6F14D5001FDA1C /* Sources */,
				F7B5B0422F6F14D5001FDA1C /* Frameworks */,
				F7B5B0432F6F14D5001FDA1C /* Resources */,
			);
			buildRules = (
			);
			dependencies = (
				F7C200082F6F14D5001FDA1C /* PBXTargetDependency */,
			);
			fileSystemSynchronizedGroups = (
				F7B5B04A2F6F14D5001FDA1C /* SIGOWidget */,
			);
			name = SIGOWidgetExtension;
			packageProductDependencies = (
				F7C100022F6F14D5001FDA1C /* FirebaseCore */,
				F7C100042F6F14D5001FDA1C /* FirebaseCrashlytics */,
				F7C100062F6F14D5001FDA1C /* FirebaseRemoteConfig */,
				F7C100082F6F14D5001FDA1C /* FirebaseAnalytics */,
			);
			productName = SIGOWidgetExtension;
			productReference = F7B5B0452F6F14D5001FDA1C /* SIGOWidgetExtension.appex */;
			productType = "com.apple.product-type.app-extension";
		};
/* End PBXNativeTarget section */

/* Begin PBXProject section */
		A93A952F29CC810C00F8E227 /* Project object */ = {
			isa = PBXProject;
			attributes = {
				LastSwiftUpdateCheck = 2630;
				LastUpgradeCheck = 1420;
				TargetAttributes = {
					A93A953629CC810C00F8E227 = {
						CreatedOnToolsVersion = 14.2;
					};
					F7B5B0442F6F14D5001FDA1C = {
						CreatedOnToolsVersion = 26.3;
					};
				};
			};
			buildConfigurationList = A93A953229CC810C00F8E227 /* Build configuration list for PBXProject "iosApp" */;
			compatibilityVersion = "Xcode 14.0";
			developmentRegion = en;
			hasScannedForEncodings = 0;
			knownRegions = (
				en,
				Base,
			);
			mainGroup = A93A952E29CC810C00F8E227;
			packageReferences = (
				F7E230542F64AD4400D9EBFD /* XCRemoteSwiftPackageReference "firebase-ios-sdk" */,
			);
			productRefGroup = A93A953829CC810C00F8E227 /* Products */;
			projectDirPath = "";
			projectRoot = "";
			targets = (
				A93A953629CC810C00F8E227 /* iosApp */,
				F7B5B0442F6F14D5001FDA1C /* SIGOWidgetExtension */,
				F7C200002F6F14D5001FDA1C /* KotlinFramework */,
			);
		};
/* End PBXProject section */

/* Begin PBXResourcesBuildPhase section */
		A93A953529CC810C00F8E227 /* Resources */ = {
			isa = PBXResourcesBuildPhase;
			buildActionMask = 2147483647;
			files = (
				A93A954229CC810D00F8E227 /* Preview Assets.xcassets in Resources */,
				F73E86DA2DDF7C1200E89B14 /* GoogleService-Info.plist in Resources */,
				A93A953F29CC810D00F8E227 /* Assets.xcassets in Resources */,
			);
			runOnlyForDeploymentPostprocessing = 0;
		};
		F7B5B0432F6F14D5001FDA1C /* Resources */ = {
			isa = PBXResourcesBuildPhase;
			buildActionMask = 2147483647;
			files = (
				F7C1000A2F6F14D5001FDA1C /* GoogleService-Info.plist in Resources */,
			);
			runOnlyForDeploymentPostprocessing = 0;
		};
/* End PBXResourcesBuildPhase section */

/* Begin PBXShellScriptBuildPhase section */
		F7C200012F6F14D5001FDA1C /* ShellScript */ = {
			isa = PBXShellScriptBuildPhase;
			alwaysOutOfDate = 1;
			buildActionMask = 2147483647;
			files = (
			);
			inputFileListPaths = (
			);
			inputPaths = (
			);
			outputFileListPaths = (
			);
			outputPaths = (
				"$(BUILT_PRODUCTS_DIR)/iosApp.framework/iosApp",
			);
			runOnlyForDeploymentPostprocessing = 0;
			shellPath = /bin/sh;
			shellScript = "set -e\ncd \"$SRCROOT/../..\"\n\ncase \"$CONFIGURATION\" in\n  Release) CONFIG=Release; CONFIG_LOWER=release ;;\n  *) CONFIG=Debug; CONFIG_LOWER=debug ;;\nesac\n\ncase \"$SDK_NAME\" in\n  iphonesimulator*) TARGET=IosSimulatorArm64; TARGET_LOWER=iosSimulatorArm64 ;;\n  iphoneos*) TARGET=IosArm64; TARGET_LOWER=iosArm64 ;;\n  *) echo \"Unsupported SDK $SDK_NAME\"; exit 1 ;;\nesac\n\n./gradlew \":apps:ios:link${CONFIG}Framework${TARGET}\" < /dev/null\n\nSRC=\"apps/ios/build/bin/${TARGET_LOWER}/${CONFIG_LOWER}Framework/iosApp.framework\"\nrm -rf \"$BUILT_PRODUCTS_DIR/iosApp.framework\"\ncp -R \"$SRC\" \"$BUILT_PRODUCTS_DIR/iosApp.framework\"\n";
		};
		F7E2305D2F64AF1E00D9EBFD /* ShellScript */ = {
			isa = PBXShellScriptBuildPhase;
			buildActionMask = 2147483647;
			files = (
			);
			inputFileListPaths = (
			);
			inputPaths = (
				"${DWARF_DSYM_FOLDER_PATH}/${DWARF_DSYM_FILE_NAME}",
				"${DWARF_DSYM_FOLDER_PATH}/${DWARF_DSYM_FILE_NAME}/Contents/Resources/DWARF/${PRODUCT_NAME}",
				"${DWARF_DSYM_FOLDER_PATH}/${DWARF_DSYM_FILE_NAME}/Contents/Info.plist",
				"$(TARGET_BUILD_DIR)/$(UNLOCALIZED_RESOURCES_FOLDER_PATH)/GoogleService-Info.plist",
				"$(TARGET_BUILD_DIR)/$(EXECUTABLE_PATH)",
				"${DWARF_DSYM_FOLDER_PATH}/${DWARF_DSYM_FILE_NAME}/Contents/Resources/DWARF/${PRODUCT_NAME}.debug.dylib",
			);
			outputFileListPaths = (
			);
			outputPaths = (
			);
			runOnlyForDeploymentPostprocessing = 0;
			shellPath = /bin/sh;
			shellScript = "\"${BUILD_DIR%/Build/*}/SourcePackages/checkouts/firebase-ios-sdk/Crashlytics/run\"\n";
		};
/* End PBXShellScriptBuildPhase section */

/* Begin PBXSourcesBuildPhase section */
		A93A953329CC810C00F8E227 /* Sources */ = {
			isa = PBXSourcesBuildPhase;
			buildActionMask = 2147483647;
			files = (
				A93A953B29CC810C00F8E227 /* iosApp.swift in Sources */,
			);
			runOnlyForDeploymentPostprocessing = 0;
		};
		F7B5B0412F6F14D5001FDA1C /* Sources */ = {
			isa = PBXSourcesBuildPhase;
			buildActionMask = 2147483647;
			files = (
			);
			runOnlyForDeploymentPostprocessing = 0;
		};
/* End PBXSourcesBuildPhase section */

/* Begin PBXTargetDependency section */
		F7B5B0592F6F14D6001FDA1C /* PBXTargetDependency */ = {
			isa = PBXTargetDependency;
			target = F7B5B0442F6F14D5001FDA1C /* SIGOWidgetExtension */;
			targetProxy = F7B5B0582F6F14D6001FDA1C /* PBXContainerItemProxy */;
		};
		F7C200062F6F14D5001FDA1C /* PBXTargetDependency */ = {
			isa = PBXTargetDependency;
			target = F7C200002F6F14D5001FDA1C /* KotlinFramework */;
			targetProxy = F7C200052F6F14D5001FDA1C /* PBXContainerItemProxy */;
		};
		F7C200082F6F14D5001FDA1C /* PBXTargetDependency */ = {
			isa = PBXTargetDependency;
			target = F7C200002F6F14D5001FDA1C /* KotlinFramework */;
			targetProxy = F7C200072F6F14D5001FDA1C /* PBXContainerItemProxy */;
		};
/* End PBXTargetDependency section */

/* Begin XCBuildConfiguration section */
		A93A954329CC810D00F8E227 /* Debug */ = {
			isa = XCBuildConfiguration;
			buildSettings = {
				ALWAYS_SEARCH_USER_PATHS = NO;
				CLANG_ANALYZER_NONNULL = YES;
				CLANG_ANALYZER_NUMBER_OBJECT_CONVERSION = YES_AGGRESSIVE;
				CLANG_CXX_LANGUAGE_STANDARD = "gnu++20";
				CLANG_ENABLE_MODULES = YES;
				CLANG_ENABLE_OBJC_ARC = YES;
				CLANG_ENABLE_OBJC_WEAK = YES;
				CLANG_WARN_BLOCK_CAPTURE_AUTORELEASING = YES;
				CLANG_WARN_BOOL_CONVERSION = YES;
				CLANG_WARN_COMMA = YES;
				CLANG_WARN_CONSTANT_CONVERSION = YES;
				CLANG_WARN_DEPRECATED_OBJC_IMPLEMENTATIONS = YES;
				CLANG_WARN_DIRECT_OBJC_ISA_USAGE = YES_ERROR;
				CLANG_WARN_DOCUMENTATION_COMMENTS = YES;
				CLANG_WARN_EMPTY_BODY = YES;
				CLANG_WARN_ENUM_CONVERSION = YES;
				CLANG_WARN_INFINITE_RECURSION = YES;
				CLANG_WARN_INT_CONVERSION = YES;
				CLANG_WARN_NON_LITERAL_NULL_CONVERSION = YES;
				CLANG_WARN_OBJC_IMPLICIT_RETAIN_SELF = YES;
				CLANG_WARN_OBJC_LITERAL_CONVERSION = YES;
				CLANG_WARN_OBJC_ROOT_CLASS = YES_ERROR;
				CLANG_WARN_QUOTED_INCLUDE_IN_FRAMEWORK_HEADER = YES;
				CLANG_WARN_RANGE_LOOP_ANALYSIS = YES;
				CLANG_WARN_STRICT_PROTOTYPES = YES;
				CLANG_WARN_SUSPICIOUS_MOVE = YES;
				CLANG_WARN_UNGUARDED_AVAILABILITY = YES_AGGRESSIVE;
				CLANG_WARN_UNREACHABLE_CODE = YES;
				CLANG_WARN__DUPLICATE_METHOD_MATCH = YES;
				COPY_PHASE_STRIP = NO;
				DEBUG_INFORMATION_FORMAT = dwarf;
				ENABLE_STRICT_OBJC_MSGSEND = YES;
				ENABLE_TESTABILITY = YES;
				GCC_C_LANGUAGE_STANDARD = gnu11;
				GCC_DYNAMIC_NO_PIC = NO;
				GCC_NO_COMMON_BLOCKS = YES;
				GCC_OPTIMIZATION_LEVEL = 0;
				GCC_PREPROCESSOR_DEFINITIONS = (
					"DEBUG=1",
					"$(inherited)",
				);
				GCC_WARN_64_TO_32_BIT_CONVERSION = YES;
				GCC_WARN_ABOUT_RETURN_TYPE = YES_ERROR;
				GCC_WARN_UNDECLARED_SELECTOR = YES;
				GCC_WARN_UNINITIALIZED_AUTOS = YES_AGGRESSIVE;
				GCC_WARN_UNUSED_FUNCTION = YES;
				GCC_WARN_UNUSED_VARIABLE = YES;
				IPHONEOS_DEPLOYMENT_TARGET = 16.2;
				MTL_ENABLE_DEBUG_INFO = INCLUDE_SOURCE;
				MTL_FAST_MATH = YES;
				ONLY_ACTIVE_ARCH = YES;
				SDKROOT = iphoneos;
				SWIFT_ACTIVE_COMPILATION_CONDITIONS = DEBUG;
				SWIFT_OPTIMIZATION_LEVEL = "-Onone";
			};
			name = Debug;
		};
		A93A954429CC810D00F8E227 /* Release */ = {
			isa = XCBuildConfiguration;
			buildSettings = {
				ALWAYS_SEARCH_USER_PATHS = NO;
				CLANG_ANALYZER_NONNULL = YES;
				CLANG_ANALYZER_NUMBER_OBJECT_CONVERSION = YES_AGGRESSIVE;
				CLANG_CXX_LANGUAGE_STANDARD = "gnu++20";
				CLANG_ENABLE_MODULES = YES;
				CLANG_ENABLE_OBJC_ARC = YES;
				CLANG_ENABLE_OBJC_WEAK = YES;
				CLANG_WARN_BLOCK_CAPTURE_AUTORELEASING = YES;
				CLANG_WARN_BOOL_CONVERSION = YES;
				CLANG_WARN_COMMA = YES;
				CLANG_WARN_CONSTANT_CONVERSION = YES;
				CLANG_WARN_DEPRECATED_OBJC_IMPLEMENTATIONS = YES;
				CLANG_WARN_DIRECT_OBJC_ISA_USAGE = YES_ERROR;
				CLANG_WARN_DOCUMENTATION_COMMENTS = YES;
				CLANG_WARN_EMPTY_BODY = YES;
				CLANG_WARN_ENUM_CONVERSION = YES;
				CLANG_WARN_INFINITE_RECURSION = YES;
				CLANG_WARN_INT_CONVERSION = YES;
				CLANG_WARN_NON_LITERAL_NULL_CONVERSION = YES;
				CLANG_WARN_OBJC_IMPLICIT_RETAIN_SELF = YES;
				CLANG_WARN_OBJC_LITERAL_CONVERSION = YES;
				CLANG_WARN_OBJC_ROOT_CLASS = YES_ERROR;
				CLANG_WARN_QUOTED_INCLUDE_IN_FRAMEWORK_HEADER = YES;
				CLANG_WARN_RANGE_LOOP_ANALYSIS = YES;
				CLANG_WARN_STRICT_PROTOTYPES = YES;
				CLANG_WARN_SUSPICIOUS_MOVE = YES;
				CLANG_WARN_UNGUARDED_AVAILABILITY = YES_AGGRESSIVE;
				CLANG_WARN_UNREACHABLE_CODE = YES;
				CLANG_WARN__DUPLICATE_METHOD_MATCH = YES;
				COPY_PHASE_STRIP = NO;
				DEBUG_INFORMATION_FORMAT = "dwarf-with-dsym";
				ENABLE_NS_ASSERTIONS = NO;
				ENABLE_STRICT_OBJC_MSGSEND = YES;
				GCC_C_LANGUAGE_STANDARD = gnu11;
				GCC_NO_COMMON_BLOCKS = YES;
				GCC_WARN_64_TO_32_BIT_CONVERSION = YES;
				GCC_WARN_ABOUT_RETURN_TYPE = YES_ERROR;
				GCC_WARN_UNDECLARED_SELECTOR = YES;
				GCC_WARN_UNINITIALIZED_AUTOS = YES_AGGRESSIVE;
				GCC_WARN_UNUSED_FUNCTION = YES;
				GCC_WARN_UNUSED_VARIABLE = YES;
				IPHONEOS_DEPLOYMENT_TARGET = 16.2;
				MTL_ENABLE_DEBUG_INFO = NO;
				MTL_FAST_MATH = YES;
				SDKROOT = iphoneos;
				SWIFT_COMPILATION_MODE = wholemodule;
				SWIFT_OPTIMIZATION_LEVEL = "-O";
				VALIDATE_PRODUCT = YES;
			};
			name = Release;
		};
		A93A954629CC810D00F8E227 /* Debug */ = {
			isa = XCBuildConfiguration;
			buildSettings = {
				ASSETCATALOG_COMPILER_APPICON_NAME = AppIcon;
				ASSETCATALOG_COMPILER_GLOBAL_ACCENT_COLOR_NAME = AccentColor;
				CODE_SIGN_ENTITLEMENTS = iosApp/iosApp.entitlements;
				CODE_SIGN_STYLE = Automatic;
				CURRENT_PROJECT_VERSION = 15;
				DEBUG_INFORMATION_FORMAT = "dwarf-with-dsym";
				DEVELOPMENT_ASSET_PATHS = "\"iosApp/Preview Content\"";
				DEVELOPMENT_TEAM = 7YZ4RG7YHP;
				ENABLE_PREVIEWS = YES;
				GENERATE_INFOPLIST_FILE = YES;
				INFOPLIST_FILE = iosApp/Info.plist;
				INFOPLIST_KEY_CFBundleDisplayName = "Should I Go Outside";
				INFOPLIST_KEY_ITSAppUsesNonExemptEncryption = NO;
				INFOPLIST_KEY_LSApplicationCategoryType = "public.app-category.weather";
				INFOPLIST_KEY_NSLocationWhenInUseUsageDescription = "Course location is required to fetch weather data for your position";
				INFOPLIST_KEY_UILaunchScreen_Generation = YES;
				INFOPLIST_KEY_UISupportedInterfaceOrientations = "UIInterfaceOrientationPortrait UIInterfaceOrientationLandscapeLeft UIInterfaceOrientationLandscapeRight UIInterfaceOrientationPortraitUpsideDown";
				LD_RUNPATH_SEARCH_PATHS = (
					"$(inherited)",
					"@executable_path/Frameworks",
				);
				MARKETING_VERSION = 1.2.0;
				PRODUCT_BUNDLE_IDENTIFIER = now.shouldigooutside;
				PRODUCT_NAME = SIGOT;
				SWIFT_EMIT_LOC_STRINGS = YES;
				SWIFT_VERSION = 5.0;
				TARGETED_DEVICE_FAMILY = "1,2";
			};
			name = Debug;
		};
		A93A954729CC810D00F8E227 /* Release */ = {
			isa = XCBuildConfiguration;
			buildSettings = {
				ASSETCATALOG_COMPILER_APPICON_NAME = AppIcon;
				ASSETCATALOG_COMPILER_GLOBAL_ACCENT_COLOR_NAME = AccentColor;
				CODE_SIGN_ENTITLEMENTS = iosApp/iosApp.entitlements;
				CODE_SIGN_STYLE = Automatic;
				CURRENT_PROJECT_VERSION = 15;
				DEVELOPMENT_ASSET_PATHS = "\"iosApp/Preview Content\"";
				DEVELOPMENT_TEAM = 7YZ4RG7YHP;
				ENABLE_PREVIEWS = YES;
				GENERATE_INFOPLIST_FILE = YES;
				INFOPLIST_FILE = iosApp/Info.plist;
				INFOPLIST_KEY_CFBundleDisplayName = "Should I Go Outside";
				INFOPLIST_KEY_ITSAppUsesNonExemptEncryption = NO;
				INFOPLIST_KEY_LSApplicationCategoryType = "public.app-category.weather";
				INFOPLIST_KEY_NSLocationWhenInUseUsageDescription = "Course location is required to fetch weather data for your position";
				INFOPLIST_KEY_UILaunchScreen_Generation = YES;
				INFOPLIST_KEY_UISupportedInterfaceOrientations = "UIInterfaceOrientationPortrait UIInterfaceOrientationLandscapeLeft UIInterfaceOrientationLandscapeRight UIInterfaceOrientationPortraitUpsideDown";
				LD_RUNPATH_SEARCH_PATHS = (
					"$(inherited)",
					"@executable_path/Frameworks",
				);
				MARKETING_VERSION = 1.2.0;
				PRODUCT_BUNDLE_IDENTIFIER = now.shouldigooutside;
				PRODUCT_NAME = SIGOT;
				SWIFT_EMIT_LOC_STRINGS = YES;
				SWIFT_VERSION = 5.0;
				TARGETED_DEVICE_FAMILY = "1,2";
			};
			name = Release;
		};
		F7B5B05C2F6F14D6001FDA1C /* Debug */ = {
			isa = XCBuildConfiguration;
			buildSettings = {
				ASSETCATALOG_COMPILER_GENERATE_SWIFT_ASSET_SYMBOL_EXTENSIONS = YES;
				ASSETCATALOG_COMPILER_GLOBAL_ACCENT_COLOR_NAME = AccentColor;
				ASSETCATALOG_COMPILER_WIDGET_BACKGROUND_COLOR_NAME = WidgetBackground;
				CODE_SIGN_ENTITLEMENTS = SIGOWidgetExtension.entitlements;
				CODE_SIGN_STYLE = Automatic;
				CURRENT_PROJECT_VERSION = 15;
				DEVELOPMENT_TEAM = 7YZ4RG7YHP;
				ENABLE_USER_SCRIPT_SANDBOXING = NO;
				"EXCLUDED_ARCHS[sdk=iphonesimulator*]" = x86_64;
				GCC_C_LANGUAGE_STANDARD = gnu17;
				GENERATE_INFOPLIST_FILE = YES;
				INFOPLIST_FILE = SIGOWidget/Info.plist;
				INFOPLIST_KEY_CFBundleDisplayName = SIGOWidget;
				INFOPLIST_KEY_NSHumanReadableCopyright = "";
				IPHONEOS_DEPLOYMENT_TARGET = 17.0;
				LD_RUNPATH_SEARCH_PATHS = (
					"$(inherited)",
					"@executable_path/Frameworks",
					"@executable_path/../../Frameworks",
				);
				LOCALIZATION_PREFERS_STRING_CATALOGS = YES;
				MARKETING_VERSION = 1.2.0;
				PRODUCT_BUNDLE_IDENTIFIER = now.shouldigooutside.SIGOWidget;
				PRODUCT_NAME = "$(TARGET_NAME)";
				SKIP_INSTALL = YES;
				STRING_CATALOG_GENERATE_SYMBOLS = YES;
				SWIFT_ACTIVE_COMPILATION_CONDITIONS = "DEBUG $(inherited)";
				SWIFT_APPROACHABLE_CONCURRENCY = YES;
				SWIFT_EMIT_LOC_STRINGS = YES;
				SWIFT_UPCOMING_FEATURE_MEMBER_IMPORT_VISIBILITY = YES;
				SWIFT_VERSION = 5.0;
				TARGETED_DEVICE_FAMILY = "1,2";
			};
			name = Debug;
		};
		F7C200032F6F14D5001FDA1C /* Debug */ = {
			isa = XCBuildConfiguration;
			buildSettings = {
				CODE_SIGNING_ALLOWED = NO;
				ENABLE_USER_SCRIPT_SANDBOXING = NO;
				PRODUCT_NAME = "$(TARGET_NAME)";
			};
			name = Debug;
		};
		F7C200042F6F14D5001FDA1C /* Release */ = {
			isa = XCBuildConfiguration;
			buildSettings = {
				CODE_SIGNING_ALLOWED = NO;
				ENABLE_USER_SCRIPT_SANDBOXING = NO;
				PRODUCT_NAME = "$(TARGET_NAME)";
			};
			name = Release;
		};
		F7B5B05D2F6F14D6001FDA1C /* Release */ = {
			isa = XCBuildConfiguration;
			buildSettings = {
				ASSETCATALOG_COMPILER_GENERATE_SWIFT_ASSET_SYMBOL_EXTENSIONS = YES;
				ASSETCATALOG_COMPILER_GLOBAL_ACCENT_COLOR_NAME = AccentColor;
				ASSETCATALOG_COMPILER_WIDGET_BACKGROUND_COLOR_NAME = WidgetBackground;
				CODE_SIGN_ENTITLEMENTS = SIGOWidgetExtension.entitlements;
				CODE_SIGN_STYLE = Automatic;
				CURRENT_PROJECT_VERSION = 15;
				DEVELOPMENT_TEAM = 7YZ4RG7YHP;
				ENABLE_USER_SCRIPT_SANDBOXING = NO;
				"EXCLUDED_ARCHS[sdk=iphonesimulator*]" = x86_64;
				GCC_C_LANGUAGE_STANDARD = gnu17;
				GENERATE_INFOPLIST_FILE = YES;
				INFOPLIST_FILE = SIGOWidget/Info.plist;
				INFOPLIST_KEY_CFBundleDisplayName = SIGOWidget;
				INFOPLIST_KEY_NSHumanReadableCopyright = "";
				IPHONEOS_DEPLOYMENT_TARGET = 17.0;
				LD_RUNPATH_SEARCH_PATHS = (
					"$(inherited)",
					"@executable_path/Frameworks",
					"@executable_path/../../Frameworks",
				);
				LOCALIZATION_PREFERS_STRING_CATALOGS = YES;
				MARKETING_VERSION = 1.2.0;
				PRODUCT_BUNDLE_IDENTIFIER = now.shouldigooutside.SIGOWidget;
				PRODUCT_NAME = "$(TARGET_NAME)";
				SKIP_INSTALL = YES;
				STRING_CATALOG_GENERATE_SYMBOLS = YES;
				SWIFT_APPROACHABLE_CONCURRENCY = YES;
				SWIFT_EMIT_LOC_STRINGS = YES;
				SWIFT_UPCOMING_FEATURE_MEMBER_IMPORT_VISIBILITY = YES;
				SWIFT_VERSION = 5.0;
				TARGETED_DEVICE_FAMILY = "1,2";
			};
			name = Release;
		};
/* End XCBuildConfiguration section */

/* Begin XCConfigurationList section */
		A93A953229CC810C00F8E227 /* Build configuration list for PBXProject "iosApp" */ = {
			isa = XCConfigurationList;
			buildConfigurations = (
				A93A954329CC810D00F8E227 /* Debug */,
				A93A954429CC810D00F8E227 /* Release */,
			);
			defaultConfigurationIsVisible = 0;
			defaultConfigurationName = Release;
		};
		A93A954529CC810D00F8E227 /* Build configuration list for PBXNativeTarget "iosApp" */ = {
			isa = XCConfigurationList;
			buildConfigurations = (
				A93A954629CC810D00F8E227 /* Debug */,
				A93A954729CC810D00F8E227 /* Release */,
			);
			defaultConfigurationIsVisible = 0;
			defaultConfigurationName = Release;
		};
		F7B5B05F2F6F14D6001FDA1C /* Build configuration list for PBXNativeTarget "SIGOWidgetExtension" */ = {
			isa = XCConfigurationList;
			buildConfigurations = (
				F7B5B05C2F6F14D6001FDA1C /* Debug */,
				F7B5B05D2F6F14D6001FDA1C /* Release */,
			);
			defaultConfigurationIsVisible = 0;
			defaultConfigurationName = Release;
		};
		F7C200022F6F14D5001FDA1C /* Build configuration list for PBXAggregateTarget "KotlinFramework" */ = {
			isa = XCConfigurationList;
			buildConfigurations = (
				F7C200032F6F14D5001FDA1C /* Debug */,
				F7C200042F6F14D5001FDA1C /* Release */,
			);
			defaultConfigurationIsVisible = 0;
			defaultConfigurationName = Release;
		};
/* End XCConfigurationList section */

/* Begin XCRemoteSwiftPackageReference section */
		F73E86D02DDF756500E89B14 /* XCRemoteSwiftPackageReference "firebase-ios-sdk" */ = {
			isa = XCRemoteSwiftPackageReference;
			repositoryURL = "https://github.com/firebase/firebase-ios-sdk.git";
			requirement = {
				kind = upToNextMajorVersion;
				minimumVersion = 11.13.0;
			};
		};
		F7E230542F64AD4400D9EBFD /* XCRemoteSwiftPackageReference "firebase-ios-sdk" */ = {
			isa = XCRemoteSwiftPackageReference;
			repositoryURL = "https://github.com/firebase/firebase-ios-sdk.git";
			requirement = {
				kind = upToNextMajorVersion;
				minimumVersion = 12.10.0;
			};
		};
/* End XCRemoteSwiftPackageReference section */

/* Begin XCSwiftPackageProductDependency section */
		F73E86D12DDF756500E89B14 /* FirebaseCore */ = {
			isa = XCSwiftPackageProductDependency;
			package = F73E86D02DDF756500E89B14 /* XCRemoteSwiftPackageReference "firebase-ios-sdk" */;
			productName = FirebaseCore;
		};
		F73E86D32DDF756500E89B14 /* FirebaseCrashlytics */ = {
			isa = XCSwiftPackageProductDependency;
			package = F73E86D02DDF756500E89B14 /* XCRemoteSwiftPackageReference "firebase-ios-sdk" */;
			productName = FirebaseCrashlytics;
		};
		F73E86D52DDF756500E89B14 /* FirebaseRemoteConfig */ = {
			isa = XCSwiftPackageProductDependency;
			package = F73E86D02DDF756500E89B14 /* XCRemoteSwiftPackageReference "firebase-ios-sdk" */;
			productName = FirebaseRemoteConfig;
		};
		F73E86DB2DDF80C200E89B14 /* FirebaseAnalytics */ = {
			isa = XCSwiftPackageProductDependency;
			package = F73E86D02DDF756500E89B14 /* XCRemoteSwiftPackageReference "firebase-ios-sdk" */;
			productName = FirebaseAnalytics;
		};
		F7E230552F64AD4400D9EBFD /* FirebaseAnalytics */ = {
			isa = XCSwiftPackageProductDependency;
			package = F7E230542F64AD4400D9EBFD /* XCRemoteSwiftPackageReference "firebase-ios-sdk" */;
			productName = FirebaseAnalytics;
		};
		F7E230572F64AD4400D9EBFD /* FirebaseCore */ = {
			isa = XCSwiftPackageProductDependency;
			package = F7E230542F64AD4400D9EBFD /* XCRemoteSwiftPackageReference "firebase-ios-sdk" */;
			productName = FirebaseCore;
		};
		F7E230592F64AD4400D9EBFD /* FirebaseCrashlytics */ = {
			isa = XCSwiftPackageProductDependency;
			package = F7E230542F64AD4400D9EBFD /* XCRemoteSwiftPackageReference "firebase-ios-sdk" */;
			productName = FirebaseCrashlytics;
		};
		F7E2305B2F64AD4400D9EBFD /* FirebaseRemoteConfig */ = {
			isa = XCSwiftPackageProductDependency;
			package = F7E230542F64AD4400D9EBFD /* XCRemoteSwiftPackageReference "firebase-ios-sdk" */;
			productName = FirebaseRemoteConfig;
		};
		F7C100022F6F14D5001FDA1C /* FirebaseCore */ = {
			isa = XCSwiftPackageProductDependency;
			package = F7E230542F64AD4400D9EBFD /* XCRemoteSwiftPackageReference "firebase-ios-sdk" */;
			productName = FirebaseCore;
		};
		F7C100042F6F14D5001FDA1C /* FirebaseCrashlytics */ = {
			isa = XCSwiftPackageProductDependency;
			package = F7E230542F64AD4400D9EBFD /* XCRemoteSwiftPackageReference "firebase-ios-sdk" */;
			productName = FirebaseCrashlytics;
		};
		F7C100062F6F14D5001FDA1C /* FirebaseRemoteConfig */ = {
			isa = XCSwiftPackageProductDependency;
			package = F7E230542F64AD4400D9EBFD /* XCRemoteSwiftPackageReference "firebase-ios-sdk" */;
			productName = FirebaseRemoteConfig;
		};
		F7C100082F6F14D5001FDA1C /* FirebaseAnalytics */ = {
			isa = XCSwiftPackageProductDependency;
			package = F7E230542F64AD4400D9EBFD /* XCRemoteSwiftPackageReference "firebase-ios-sdk" */;
			productName = FirebaseAnalytics;
		};
/* End XCSwiftPackageProductDependency section */
	};
	rootObject = A93A952F29CC810C00F8E227 /* Project object */;
}
